
Microsoft Visual Studio Solution File, Format Version 12.00
# Visual Studio Version 17
VisualStudioVersion = 17.14.36518.9 d17.14
MinimumVisualStudioVersion = 10.0.40219.1
Project("{FAE04EC0-301F-11D3-BF4B-00C04F79EFBC}") = "RestaurantOrderSystem", "RestaurantOrderSystem\RestaurantOrderSystem.csproj", "{CD40BD29-055E-454B-97DF-A9873CCC3A1C}"
EndProject
Global
	GlobalSection(SolutionConfigurationPlatforms) = preSolution
		Debug|Any CPU = Debug|Any CPU
		Release|Any CPU = Release|Any CPU
	EndGlobalSection
	GlobalSection(ProjectConfigurationPlatforms) = postSolution
		{CD40BD29-055E-454B-97DF-A9873CCC3A1C}.Debug|Any CPU.ActiveCfg = Debug|Any CPU
		{CD40BD29-055E-454B-97DF-A9873CCC3A1C}.Debug|Any CPU.Build.0 = Debug|Any CPU
		{CD40BD29-055E-454B-97DF-A9873CCC3A1C}.Release|Any CPU.ActiveCfg = Release|Any CPU
		{CD40BD29-055E-454B-97DF-A9873CCC3A1C}.Release|Any CPU.Build.0 = Release|Any CPU
	EndGlobalSection
	GlobalSection(SolutionProperties) = preSolution
		HideSolutionNode = FALSE
	EndGlobalSection
	GlobalSection(ExtensibilityGlobals) = postSolution
		SolutionGuid = {899D75AE-943F-4F95-8B68-A08F64F47023}
	EndGlobalSection
EndGlobal
